
Microsoft Visual Studio Solution File, Format Version 12.00
# Visual Studio Version 17
VisualStudioVersion = 17.9.34622.214
MinimumVisualStudioVersion = 10.0.40219.1
Project("{FAE04EC0-301F-11D3-BF4B-00C04F79EFBC}") = "PhoneShoppingCartMvc", "PhoneShoppingCartMvc\PhoneShoppingCartMvc.csproj", "{21E2F4BA-6080-4683-AB07-EEB4B2814924}"
EndProject
Global
	GlobalSection(SolutionConfigurationPlatforms) = preSolution
		Debug|Any CPU = Debug|Any CPU
		Release|Any CPU = Release|Any CPU
	EndGlobalSection
	GlobalSection(ProjectConfigurationPlatforms) = postSolution
		{21E2F4BA-6080-4683-AB07-EEB4B2814924}.Debug|Any CPU.ActiveCfg = Debug|Any CPU
		{21E2F4BA-6080-4683-AB07-EEB4B2814924}.Debug|Any CPU.Build.0 = Debug|Any CPU
		{21E2F4BA-6080-4683-AB07-EEB4B2814924}.Release|Any CPU.ActiveCfg = Release|Any CPU
		{21E2F4BA-6080-4683-AB07-EEB4B2814924}.Release|Any CPU.Build.0 = Release|Any CPU
	EndGlobalSection
	GlobalSection(SolutionProperties) = preSolution
		HideSolutionNode = FALSE
	EndGlobalSection
	GlobalSection(ExtensibilityGlobals) = postSolution
		SolutionGuid = {CFF158C1-B0B9-4B8D-A85C-5641F790529B}
	EndGlobalSection
EndGlobal
